
Microsoft Visual Studio Solution File, Format Version 12.00
# Visual Studio Version 17
VisualStudioVersion = 17.6.33723.286
MinimumVisualStudioVersion = 10.0.40219.1
Project("{FAE04EC0-301F-11D3-BF4B-00C04F79EFBC}") = "EFCoreRelationshipsTutorial", "EFCoreRelationshipsTutorial\EFCoreRelationshipsTutorial.csproj", "{48BB4CFF-6991-4914-BA2C-C95BCBD0DD65}"
EndProject
Global
	GlobalSection(SolutionConfigurationPlatforms) = preSolution
		Debug|Any CPU = Debug|Any CPU
		Release|Any CPU = Release|Any CPU
	EndGlobalSection
	GlobalSection(ProjectConfigurationPlatforms) = postSolution
		{48BB4CFF-6991-4914-BA2C-C95BCBD0DD65}.Debug|Any CPU.ActiveCfg = Debug|Any CPU
		{48BB4CFF-6991-4914-BA2C-C95BCBD0DD65}.Debug|Any CPU.Build.0 = Debug|Any CPU
		{48BB4CFF-6991-4914-BA2C-C95BCBD0DD65}.Release|Any CPU.ActiveCfg = Release|Any CPU
		{48BB4CFF-6991-4914-BA2C-C95BCBD0DD65}.Release|Any CPU.Build.0 = Release|Any CPU
	EndGlobalSection
	GlobalSection(SolutionProperties) = preSolution
		HideSolutionNode = FALSE
	EndGlobalSection
	GlobalSection(ExtensibilityGlobals) = postSolution
		SolutionGuid = {873C60DA-2776-4841-90AA-0F399CC37601}
	EndGlobalSection
EndGlobal
